
Microsoft Visual Studio Solution File, Format Version 12.00
# Visual Studio Version 16
VisualStudioVersion = 16.0.32126.315
MinimumVisualStudioVersion = 10.0.40219.1
Project("{FAE04EC0-301F-11D3-BF4B-00C04F79EFBC}") = "WpfLab10", "WpfLab10\WpfLab10.csproj", "{948BC77A-1B77-4952-BD5E-15A82B5894A8}"
EndProject
Global
	GlobalSection(SolutionConfigurationPlatforms) = preSolution
		Debug|Any CPU = Debug|Any CPU
		Release|Any CPU = Release|Any CPU
	EndGlobalSection
	GlobalSection(ProjectConfigurationPlatforms) = postSolution
		{948BC77A-1B77-4952-BD5E-15A82B5894A8}.Debug|Any CPU.ActiveCfg = Debug|Any CPU
		{948BC77A-1B77-4952-BD5E-15A82B5894A8}.Debug|Any CPU.Build.0 = Debug|Any CPU
		{948BC77A-1B77-4952-BD5E-15A82B5894A8}.Release|Any CPU.ActiveCfg = Release|Any CPU
		{948BC77A-1B77-4952-BD5E-15A82B5894A8}.Release|Any CPU.Build.0 = Release|Any CPU
	EndGlobalSection
	GlobalSection(SolutionProperties) = preSolution
		HideSolutionNode = FALSE
	EndGlobalSection
	GlobalSection(ExtensibilityGlobals) = postSolution
		SolutionGuid = {3F5C514E-F193-43AA-BA18-D705F1FB9ED9}
	EndGlobalSection
EndGlobal
